// !$*UTF8*$!
{
	archiveVersion = 1;
	classes = {
	};
	objectVersion = 56;
	objects = {

/* Begin PBXBuildFile section */
		9020821A29813F840011CC77 /* DevelopersChatTests.swift in Sources */ = {isa = PBXBuildFile; fileRef = 9020821929813F840011CC77 /* DevelopersChatTests.swift */; };
		9020822429813F840011CC77 /* DevelopersChatUITests.swift in Sources */ = {isa = PBXBuildFile; fileRef = 9020822329813F840011CC77 /* DevelopersChatUITests.swift */; };
		9020822629813F840011CC77 /* DevelopersChatUITestsLaunchTests.swift in Sources */ = {isa = PBXBuildFile; fileRef = 9020822529813F840011CC77 /* DevelopersChatUITestsLaunchTests.swift */; };
		90208239298140590011CC77 /* AppDelegate.swift in Sources */ = {isa = PBXBuildFile; fileRef = 90208237298140590011CC77 /* AppDelegate.swift */; };
		9020823A298140590011CC77 /* SceneDelegate.swift in Sources */ = {isa = PBXBuildFile; fileRef = 90208238298140590011CC77 /* SceneDelegate.swift */; };
		90208240298140870011CC77 /* LaunchScreen.storyboard in Resources */ = {isa = PBXBuildFile; fileRef = 9020823C298140870011CC77 /* LaunchScreen.storyboard */; };
		90208241298140870011CC77 /* Main.storyboard in Resources */ = {isa = PBXBuildFile; fileRef = 9020823E298140870011CC77 /* Main.storyboard */; };
		90208244298140AB0011CC77 /* Assets.xcassets in Resources */ = {isa = PBXBuildFile; fileRef = 90208243298140AA0011CC77 /* Assets.xcassets */; };
		90208253298141C50011CC77 /* ListsVM.swift in Sources */ = {isa = PBXBuildFile; fileRef = 9020824E298141C50011CC77 /* ListsVM.swift */; };
		90208254298141C50011CC77 /* ListsController.swift in Sources */ = {isa = PBXBuildFile; fileRef = 90208250298141C50011CC77 /* ListsController.swift */; };
		90208255298141C50011CC77 /* ListsModel.swift in Sources */ = {isa = PBXBuildFile; fileRef = 90208252298141C50011CC77 /* ListsModel.swift */; };
		9020825A2981422F0011CC77 /* BaseVM.swift in Sources */ = {isa = PBXBuildFile; fileRef = 902082592981422F0011CC77 /* BaseVM.swift */; };
		9020825C298142890011CC77 /* BaseController.swift in Sources */ = {isa = PBXBuildFile; fileRef = 9020825B298142890011CC77 /* BaseController.swift */; };
		9020826D298142ED0011CC77 /* SwiftSpinner.swift in Sources */ = {isa = PBXBuildFile; fileRef = 90208261298142ED0011CC77 /* SwiftSpinner.swift */; };
		9020826F298142ED0011CC77 /* Validator.swift in Sources */ = {isa = PBXBuildFile; fileRef = 90208263298142ED0011CC77 /* Validator.swift */; };
		90208273298142ED0011CC77 /* SwiftAlert.swift in Sources */ = {isa = PBXBuildFile; fileRef = 90208267298142ED0011CC77 /* SwiftAlert.swift */; };
/* End PBXBuildFile section */

/* Begin PBXContainerItemProxy section */
		9020821629813F840011CC77 /* PBXContainerItemProxy */ = {
			isa = PBXContainerItemProxy;
			containerPortal = 902081F729813F820011CC77 /* Project object */;
			proxyType = 1;
			remoteGlobalIDString = 902081FE29813F820011CC77;
			remoteInfo = DevelopersChat;
		};
		9020822029813F840011CC77 /* PBXContainerItemProxy */ = {
			isa = PBXContainerItemProxy;
			containerPortal = 902081F729813F820011CC77 /* Project object */;
			proxyType = 1;
			remoteGlobalIDString = 902081FE29813F820011CC77;
			remoteInfo = DevelopersChat;
		};
/* End PBXContainerItemProxy section */

/* Begin PBXFileReference section */
		902081FF29813F820011CC77 /* DevelopersChat.app */ = {isa = PBXFileReference; explicitFileType = wrapper.application; includeInIndex = 0; path = DevelopersChat.app; sourceTree = BUILT_PRODUCTS_DIR; };
		9020821029813F840011CC77 /* Info.plist */ = {isa = PBXFileReference; lastKnownFileType = text.plist.xml; path = Info.plist; sourceTree = "<group>"; };
		9020821529813F840011CC77 /* DevelopersChatTests.xctest */ = {isa = PBXFileReference; explicitFileType = wrapper.cfbundle; includeInIndex = 0; path = DevelopersChatTests.xctest; sourceTree = BUILT_PRODUCTS_DIR; };
		9020821929813F840011CC77 /* DevelopersChatTests.swift */ = {isa = PBXFileReference; lastKnownFileType = sourcecode.swift; path = DevelopersChatTests.swift; sourceTree = "<group>"; };
		9020821F29813F840011CC77 /* DevelopersChatUITests.xctest */ = {isa = PBXFileReference; explicitFileType = wrapper.cfbundle; includeInIndex = 0; path = DevelopersChatUITests.xctest; sourceTree = BUILT_PRODUCTS_DIR; };
		9020822329813F840011CC77 /* DevelopersChatUITests.swift */ = {isa = PBXFileReference; lastKnownFileType = sourcecode.swift; path = DevelopersChatUITests.swift; sourceTree = "<group>"; };
		9020822529813F840011CC77 /* DevelopersChatUITestsLaunchTests.swift */ = {isa = PBXFileReference; lastKnownFileType = sourcecode.swift; path = DevelopersChatUITestsLaunchTests.swift; sourceTree = "<group>"; };
		90208237298140590011CC77 /* AppDelegate.swift */ = {isa = PBXFileReference; fileEncoding = 4; lastKnownFileType = sourcecode.swift; path = AppDelegate.swift; sourceTree = "<group>"; };
		90208238298140590011CC77 /* SceneDelegate.swift */ = {isa = PBXFileReference; fileEncoding = 4; lastKnownFileType = sourcecode.swift; path = SceneDelegate.swift; sourceTree = "<group>"; };
		9020823D298140870011CC77 /* Base */ = {isa = PBXFileReference; lastKnownFileType = file.storyboard; name = Base; path = Base.lproj/LaunchScreen.storyboard; sourceTree = "<group>"; };
		9020823F298140870011CC77 /* Base */ = {isa = PBXFileReference; lastKnownFileType = file.storyboard; name = Base; path = Base.lproj/Main.storyboard; sourceTree = "<group>"; };
		90208243298140AA0011CC77 /* Assets.xcassets */ = {isa = PBXFileReference; lastKnownFileType = folder.assetcatalog; path = Assets.xcassets; sourceTree = "<group>"; };
		9020824E298141C50011CC77 /* ListsVM.swift */ = {isa = PBXFileReference; fileEncoding = 4; lastKnownFileType = sourcecode.swift; path = ListsVM.swift; sourceTree = "<group>"; };
		90208250298141C50011CC77 /* ListsController.swift */ = {isa = PBXFileReference; fileEncoding = 4; lastKnownFileType = sourcecode.swift; path = ListsController.swift; sourceTree = "<group>"; };
		90208252298141C50011CC77 /* ListsModel.swift */ = {isa = PBXFileReference; fileEncoding = 4; lastKnownFileType = sourcecode.swift; path = ListsModel.swift; sourceTree = "<group>"; };
		902082592981422F0011CC77 /* BaseVM.swift */ = {isa = PBXFileReference; lastKnownFileType = sourcecode.swift; path = BaseVM.swift; sourceTree = "<group>"; };
		9020825B298142890011CC77 /* BaseController.swift */ = {isa = PBXFileReference; lastKnownFileType = sourcecode.swift; path = BaseController.swift; sourceTree = "<group>"; };
		90208261298142ED0011CC77 /* SwiftSpinner.swift */ = {isa = PBXFileReference; fileEncoding = 4; lastKnownFileType = sourcecode.swift; path = SwiftSpinner.swift; sourceTree = "<group>"; };
		90208263298142ED0011CC77 /* Validator.swift */ = {isa = PBXFileReference; fileEncoding = 4; lastKnownFileType = sourcecode.swift; path = Validator.swift; sourceTree = "<group>"; };
		90208267298142ED0011CC77 /* SwiftAlert.swift */ = {isa = PBXFileReference; fileEncoding = 4; lastKnownFileType = sourcecode.swift; path = SwiftAlert.swift; sourceTree = "<group>"; };
/* End PBXFileReference section */

/* Begin PBXFrameworksBuildPhase section */
		902081FC29813F820011CC77 /* Frameworks */ = {
			isa = PBXFrameworksBuildPhase;
			buildActionMask = 2147483647;
			files = (
			);
			runOnlyForDeploymentPostprocessing = 0;
		};
		9020821229813F840011CC77 /* Frameworks */ = {
			isa = PBXFrameworksBuildPhase;
			buildActionMask = 2147483647;
			files = (
			);
			runOnlyForDeploymentPostprocessing = 0;
		};
		9020821C29813F840011CC77 /* Frameworks */ = {
			isa = PBXFrameworksBuildPhase;
			buildActionMask = 2147483647;
			files = (
			);
			runOnlyForDeploymentPostprocessing = 0;
		};
/* End PBXFrameworksBuildPhase section */

/* Begin PBXGroup section */
		902081F629813F820011CC77 = {
			isa = PBXGroup;
			children = (
				9020820129813F820011CC77 /* DevelopersChat */,
				9020821829813F840011CC77 /* DevelopersChatTests */,
				9020822229813F840011CC77 /* DevelopersChatUITests */,
				9020820029813F820011CC77 /* Products */,
			);
			sourceTree = "<group>";
		};
		9020820029813F820011CC77 /* Products */ = {
			isa = PBXGroup;
			children = (
				902081FF29813F820011CC77 /* DevelopersChat.app */,
				9020821529813F840011CC77 /* DevelopersChatTests.xctest */,
				9020821F29813F840011CC77 /* DevelopersChatUITests.xctest */,
			);
			name = Products;
			sourceTree = "<group>";
		};
		9020820129813F820011CC77 /* DevelopersChat */ = {
			isa = PBXGroup;
			children = (
				9020825D298142ED0011CC77 /* Utilities */,
				90208236298140590011CC77 /* Delegates */,
				9020824B298141C50011CC77 /* Controllers */,
				9020823B298140870011CC77 /* StoryBoards */,
				90208242298140AA0011CC77 /* Images */,
				9020821029813F840011CC77 /* Info.plist */,
			);
			path = DevelopersChat;
			sourceTree = "<group>";
		};
		9020821829813F840011CC77 /* DevelopersChatTests */ = {
			isa = PBXGroup;
			children = (
				9020821929813F840011CC77 /* DevelopersChatTests.swift */,
			);
			path = DevelopersChatTests;
			sourceTree = "<group>";
		};
		9020822229813F840011CC77 /* DevelopersChatUITests */ = {
			isa = PBXGroup;
			children = (
				9020822329813F840011CC77 /* DevelopersChatUITests.swift */,
				9020822529813F840011CC77 /* DevelopersChatUITestsLaunchTests.swift */,
			);
			path = DevelopersChatUITests;
			sourceTree = "<group>";
		};
		90208236298140590011CC77 /* Delegates */ = {
			isa = PBXGroup;
			children = (
				90208237298140590011CC77 /* AppDelegate.swift */,
				90208238298140590011CC77 /* SceneDelegate.swift */,
			);
			path = Delegates;
			sourceTree = "<group>";
		};
		9020823B298140870011CC77 /* StoryBoards */ = {
			isa = PBXGroup;
			children = (
				9020823C298140870011CC77 /* LaunchScreen.storyboard */,
				9020823E298140870011CC77 /* Main.storyboard */,
			);
			path = StoryBoards;
			sourceTree = "<group>";
		};
		90208242298140AA0011CC77 /* Images */ = {
			isa = PBXGroup;
			children = (
				90208243298140AA0011CC77 /* Assets.xcassets */,
			);
			path = Images;
			sourceTree = "<group>";
		};
		9020824B298141C50011CC77 /* Controllers */ = {
			isa = PBXGroup;
			children = (
				90208256298141F40011CC77 /* BaseController */,
				9020824C298141C50011CC77 /* Lists */,
			);
			path = Controllers;
			sourceTree = "<group>";
		};
		9020824C298141C50011CC77 /* Lists */ = {
			isa = PBXGroup;
			children = (
				9020824D298141C50011CC77 /* ViewModel */,
				9020824F298141C50011CC77 /* Controller */,
				90208251298141C50011CC77 /* Model */,
			);
			path = Lists;
			sourceTree = "<group>";
		};
		9020824D298141C50011CC77 /* ViewModel */ = {
			isa = PBXGroup;
			children = (
				9020824E298141C50011CC77 /* ListsVM.swift */,
			);
			path = ViewModel;
			sourceTree = "<group>";
		};
		9020824F298141C50011CC77 /* Controller */ = {
			isa = PBXGroup;
			children = (
				90208250298141C50011CC77 /* ListsController.swift */,
			);
			path = Controller;
			sourceTree = "<group>";
		};
		90208251298141C50011CC77 /* Model */ = {
			isa = PBXGroup;
			children = (
				90208252298141C50011CC77 /* ListsModel.swift */,
			);
			path = Model;
			sourceTree = "<group>";
		};
		90208256298141F40011CC77 /* BaseController */ = {
			isa = PBXGroup;
			children = (
				90208257298141F40011CC77 /* ViewModel */,
				90208258298141F40011CC77 /* Controller */,
			);
			path = BaseController;
			sourceTree = "<group>";
		};
		90208257298141F40011CC77 /* ViewModel */ = {
			isa = PBXGroup;
			children = (
				902082592981422F0011CC77 /* BaseVM.swift */,
			);
			path = ViewModel;
			sourceTree = "<group>";
		};
		90208258298141F40011CC77 /* Controller */ = {
			isa = PBXGroup;
			children = (
				9020825B298142890011CC77 /* BaseController.swift */,
			);
			path = Controller;
			sourceTree = "<group>";
		};
		9020825D298142ED0011CC77 /* Utilities */ = {
			isa = PBXGroup;
			children = (
				90208261298142ED0011CC77 /* SwiftSpinner.swift */,
				90208263298142ED0011CC77 /* Validator.swift */,
				90208267298142ED0011CC77 /* SwiftAlert.swift */,
			);
			path = Utilities;
			sourceTree = "<group>";
		};
/* End PBXGroup section */

/* Begin PBXNativeTarget section */
		902081FE29813F820011CC77 /* DevelopersChat */ = {
			isa = PBXNativeTarget;
			buildConfigurationList = 9020822929813F840011CC77 /* Build configuration list for PBXNativeTarget "DevelopersChat" */;
			buildPhases = (
				902081FB29813F820011CC77 /* Sources */,
				902081FC29813F820011CC77 /* Frameworks */,
				902081FD29813F820011CC77 /* Resources */,
			);
			buildRules = (
			);
			dependencies = (
			);
			name = DevelopersChat;
			productName = DevelopersChat;
			productReference = 902081FF29813F820011CC77 /* DevelopersChat.app */;
			productType = "com.apple.product-type.application";
		};
		9020821429813F840011CC77 /* DevelopersChatTests */ = {
			isa = PBXNativeTarget;
			buildConfigurationList = 9020822C29813F840011CC77 /* Build configuration list for PBXNativeTarget "DevelopersChatTests" */;
			buildPhases = (
				9020821129813F840011CC77 /* Sources */,
				9020821229813F840011CC77 /* Frameworks */,
				9020821329813F840011CC77 /* Resources */,
			);
			buildRules = (
			);
			dependencies = (
				9020821729813F840011CC77 /* PBXTargetDependency */,
			);
			name = DevelopersChatTests;
			productName = DevelopersChatTests;
			productReference = 9020821529813F840011CC77 /* DevelopersChatTests.xctest */;
			productType = "com.apple.product-type.bundle.unit-test";
		};
		9020821E29813F840011CC77 /* DevelopersChatUITests */ = {
			isa = PBXNativeTarget;
			buildConfigurationList = 9020822F29813F840011CC77 /* Build configuration list for PBXNativeTarget "DevelopersChatUITests" */;
			buildPhases = (
				9020821B29813F840011CC77 /* Sources */,
				9020821C29813F840011CC77 /* Frameworks */,
				9020821D29813F840011CC77 /* Resources */,
			);
			buildRules = (
			);
			dependencies = (
				9020822129813F840011CC77 /* PBXTargetDependency */,
			);
			name = DevelopersChatUITests;
			productName = DevelopersChatUITests;
			productReference = 9020821F29813F840011CC77 /* DevelopersChatUITests.xctest */;
			productType = "com.apple.product-type.bundle.ui-testing";
		};
/* End PBXNativeTarget section */

/* Begin PBXProject section */
		902081F729813F820011CC77 /* Project object */ = {
			isa = PBXProject;
			attributes = {
				BuildIndependentTargetsInParallel = 1;
				LastSwiftUpdateCheck = 1420;
				LastUpgradeCheck = 1420;
				TargetAttributes = {
					902081FE29813F820011CC77 = {
						CreatedOnToolsVersion = 14.2;
					};
					9020821429813F840011CC77 = {
						CreatedOnToolsVersion = 14.2;
						TestTargetID = 902081FE29813F820011CC77;
					};
					9020821E29813F840011CC77 = {
						CreatedOnToolsVersion = 14.2;
						TestTargetID = 902081FE29813F820011CC77;
					};
				};
			};
			buildConfigurationList = 902081FA29813F820011CC77 /* Build configuration list for PBXProject "DevelopersChat" */;
			compatibilityVersion = "Xcode 14.0";
			developmentRegion = en;
			hasScannedForEncodings = 0;
			knownRegions = (
				en,
				Base,
			);
			mainGroup = 902081F629813F820011CC77;
			productRefGroup = 9020820029813F820011CC77 /* Products */;
			projectDirPath = "";
			projectRoot = "";
			targets = (
				902081FE29813F820011CC77 /* DevelopersChat */,
				9020821429813F840011CC77 /* DevelopersChatTests */,
				9020821E29813F840011CC77 /* DevelopersChatUITests */,
			);
		};
/* End PBXProject section */

/* Begin PBXResourcesBuildPhase section */
		902081FD29813F820011CC77 /* Resources */ = {
			isa = PBXResourcesBuildPhase;
			buildActionMask = 2147483647;
			files = (
				90208241298140870011CC77 /* Main.storyboard in Resources */,
				90208240298140870011CC77 /* LaunchScreen.storyboard in Resources */,
				90208244298140AB0011CC77 /* Assets.xcassets in Resources */,
			);
			runOnlyForDeploymentPostprocessing = 0;
		};
		9020821329813F840011CC77 /* Resources */ = {
			isa = PBXResourcesBuildPhase;
			buildActionMask = 2147483647;
			files = (
			);
			runOnlyForDeploymentPostprocessing = 0;
		};
		9020821D29813F840011CC77 /* Resources */ = {
			isa = PBXResourcesBuildPhase;
			buildActionMask = 2147483647;
			files = (
			);
			runOnlyForDeploymentPostprocessing = 0;
		};
/* End PBXResourcesBuildPhase section */

/* Begin PBXSourcesBuildPhase section */
		902081FB29813F820011CC77 /* Sources */ = {
			isa = PBXSourcesBuildPhase;
			buildActionMask = 2147483647;
			files = (
				90208239298140590011CC77 /* AppDelegate.swift in Sources */,
				9020825A2981422F0011CC77 /* BaseVM.swift in Sources */,
				9020825C298142890011CC77 /* BaseController.swift in Sources */,
				9020826F298142ED0011CC77 /* Validator.swift in Sources */,
				90208255298141C50011CC77 /* ListsModel.swift in Sources */,
				9020826D298142ED0011CC77 /* SwiftSpinner.swift in Sources */,
				90208273298142ED0011CC77 /* SwiftAlert.swift in Sources */,
				90208254298141C50011CC77 /* ListsController.swift in Sources */,
				9020823A298140590011CC77 /* SceneDelegate.swift in Sources */,
				90208253298141C50011CC77 /* ListsVM.swift in Sources */,
			);
			runOnlyForDeploymentPostprocessing = 0;
		};
		9020821129813F840011CC77 /* Sources */ = {
			isa = PBXSourcesBuildPhase;
			buildActionMask = 2147483647;
			files = (
				9020821A29813F840011CC77 /* DevelopersChatTests.swift in Sources */,
			);
			runOnlyForDeploymentPostprocessing = 0;
		};
		9020821B29813F840011CC77 /* Sources */ = {
			isa = PBXSourcesBuildPhase;
			buildActionMask = 2147483647;
			files = (
				9020822429813F840011CC77 /* DevelopersChatUITests.swift in Sources */,
				9020822629813F840011CC77 /* DevelopersChatUITestsLaunchTests.swift in Sources */,
			);
			runOnlyForDeploymentPostprocessing = 0;
		};
/* End PBXSourcesBuildPhase section */

/* Begin PBXTargetDependency section */
		9020821729813F840011CC77 /* PBXTargetDependency */ = {
			isa = PBXTargetDependency;
			target = 902081FE29813F820011CC77 /* DevelopersChat */;
			targetProxy = 9020821629813F840011CC77 /* PBXContainerItemProxy */;
		};
		9020822129813F840011CC77 /* PBXTargetDependency */ = {
			isa = PBXTargetDependency;
			target = 902081FE29813F820011CC77 /* DevelopersChat */;
			targetProxy = 9020822029813F840011CC77 /* PBXContainerItemProxy */;
		};
/* End PBXTargetDependency section */

/* Begin PBXVariantGroup section */
		9020823C298140870011CC77 /* LaunchScreen.storyboard */ = {
			isa = PBXVariantGroup;
			children = (
				9020823D298140870011CC77 /* Base */,
			);
			name = LaunchScreen.storyboard;
			sourceTree = "<group>";
		};
		9020823E298140870011CC77 /* Main.storyboard */ = {
			isa = PBXVariantGroup;
			children = (
				9020823F298140870011CC77 /* Base */,
			);
			name = Main.storyboard;
			sourceTree = "<group>";
		};
/* End PBXVariantGroup section */

/* Begin XCBuildConfiguration section */
		9020822729813F840011CC77 /* Debug */ = {
			isa = XCBuildConfiguration;
			buildSettings = {
				ALWAYS_SEARCH_USER_PATHS = NO;
				CLANG_ANALYZER_NONNULL = YES;
				CLANG_ANALYZER_NUMBER_OBJECT_CONVERSION = YES_AGGRESSIVE;
				CLANG_CXX_LANGUAGE_STANDARD = "gnu++20";
				CLANG_ENABLE_MODULES = YES;
				CLANG_ENABLE_OBJC_ARC = YES;
				CLANG_ENABLE_OBJC_WEAK = YES;
				CLANG_WARN_BLOCK_CAPTURE_AUTORELEASING = YES;
				CLANG_WARN_BOOL_CONVERSION = YES;
				CLANG_WARN_COMMA = YES;
				CLANG_WARN_CONSTANT_CONVERSION = YES;
				CLANG_WARN_DEPRECATED_OBJC_IMPLEMENTATIONS = YES;
				CLANG_WARN_DIRECT_OBJC_ISA_USAGE = YES_ERROR;
				CLANG_WARN_DOCUMENTATION_COMMENTS = YES;
				CLANG_WARN_EMPTY_BODY = YES;
				CLANG_WARN_ENUM_CONVERSION = YES;
				CLANG_WARN_INFINITE_RECURSION = YES;
				CLANG_WARN_INT_CONVERSION = YES;
				CLANG_WARN_NON_LITERAL_NULL_CONVERSION = YES;
				CLANG_WARN_OBJC_IMPLICIT_RETAIN_SELF = YES;
				CLANG_WARN_OBJC_LITERAL_CONVERSION = YES;
				CLANG_WARN_OBJC_ROOT_CLASS = YES_ERROR;
				CLANG_WARN_QUOTED_INCLUDE_IN_FRAMEWORK_HEADER = YES;
				CLANG_WARN_RANGE_LOOP_ANALYSIS = YES;
				CLANG_WARN_STRICT_PROTOTYPES = YES;
				CLANG_WARN_SUSPICIOUS_MOVE = YES;
				CLANG_WARN_UNGUARDED_AVAILABILITY = YES_AGGRESSIVE;
				CLANG_WARN_UNREACHABLE_CODE = YES;
				CLANG_WARN__DUPLICATE_METHOD_MATCH = YES;
				COPY_PHASE_STRIP = NO;
				DEBUG_INFORMATION_FORMAT = dwarf;
				ENABLE_STRICT_OBJC_MSGSEND = YES;
				ENABLE_TESTABILITY = YES;
				GCC_C_LANGUAGE_STANDARD = gnu11;
				GCC_DYNAMIC_NO_PIC = NO;
				GCC_NO_COMMON_BLOCKS = YES;
				GCC_OPTIMIZATION_LEVEL = 0;
				GCC_PREPROCESSOR_DEFINITIONS = (
					"DEBUG=1",
					"$(inherited)",
				);
				GCC_WARN_64_TO_32_BIT_CONVERSION = YES;
				GCC_WARN_ABOUT_RETURN_TYPE = YES_ERROR;
				GCC_WARN_UNDECLARED_SELECTOR = YES;
				GCC_WARN_UNINITIALIZED_AUTOS = YES_AGGRESSIVE;
				GCC_WARN_UNUSED_FUNCTION = YES;
				GCC_WARN_UNUSED_VARIABLE = YES;
				IPHONEOS_DEPLOYMENT_TARGET = 16.2;
				MTL_ENABLE_DEBUG_INFO = INCLUDE_SOURCE;
				MTL_FAST_MATH = YES;
				ONLY_ACTIVE_ARCH = YES;
				SDKROOT = iphoneos;
				SWIFT_ACTIVE_COMPILATION_CONDITIONS = DEBUG;
				SWIFT_OPTIMIZATION_LEVEL = "-Onone";
			};
			name = Debug;
		};
		9020822829813F840011CC77 /* Release */ = {
			isa = XCBuildConfiguration;
			buildSettings = {
				ALWAYS_SEARCH_USER_PATHS = NO;
				CLANG_ANALYZER_NONNULL = YES;
				CLANG_ANALYZER_NUMBER_OBJECT_CONVERSION = YES_AGGRESSIVE;
				CLANG_CXX_LANGUAGE_STANDARD = "gnu++20";
				CLANG_ENABLE_MODULES = YES;
				CLANG_ENABLE_OBJC_ARC = YES;
				CLANG_ENABLE_OBJC_WEAK = YES;
				CLANG_WARN_BLOCK_CAPTURE_AUTORELEASING = YES;
				CLANG_WARN_BOOL_CONVERSION = YES;
				CLANG_WARN_COMMA = YES;
				CLANG_WARN_CONSTANT_CONVERSION = YES;
				CLANG_WARN_DEPRECATED_OBJC_IMPLEMENTATIONS = YES;
				CLANG_WARN_DIRECT_OBJC_ISA_USAGE = YES_ERROR;
				CLANG_WARN_DOCUMENTATION_COMMENTS = YES;
				CLANG_WARN_EMPTY_BODY = YES;
				CLANG_WARN_ENUM_CONVERSION = YES;
				CLANG_WARN_INFINITE_RECURSION = YES;
				CLANG_WARN_INT_CONVERSION = YES;
				CLANG_WARN_NON_LITERAL_NULL_CONVERSION = YES;
				CLANG_WARN_OBJC_IMPLICIT_RETAIN_SELF = YES;
				CLANG_WARN_OBJC_LITERAL_CONVERSION = YES;
				CLANG_WARN_OBJC_ROOT_CLASS = YES_ERROR;
				CLANG_WARN_QUOTED_INCLUDE_IN_FRAMEWORK_HEADER = YES;
				CLANG_WARN_RANGE_LOOP_ANALYSIS = YES;
				CLANG_WARN_STRICT_PROTOTYPES = YES;
				CLANG_WARN_SUSPICIOUS_MOVE = YES;
				CLANG_WARN_UNGUARDED_AVAILABILITY = YES_AGGRESSIVE;
				CLANG_WARN_UNREACHABLE_CODE = YES;
				CLANG_WARN__DUPLICATE_METHOD_MATCH = YES;
				COPY_PHASE_STRIP = NO;
				DEBUG_INFORMATION_FORMAT = "dwarf-with-dsym";
				ENABLE_NS_ASSERTIONS = NO;
				ENABLE_STRICT_OBJC_MSGSEND = YES;
				GCC_C_LANGUAGE_STANDARD = gnu11;
				GCC_NO_COMMON_BLOCKS = YES;
				GCC_WARN_64_TO_32_BIT_CONVERSION = YES;
				GCC_WARN_ABOUT_RETURN_TYPE = YES_ERROR;
				GCC_WARN_UNDECLARED_SELECTOR = YES;
				GCC_WARN_UNINITIALIZED_AUTOS = YES_AGGRESSIVE;
				GCC_WARN_UNUSED_FUNCTION = YES;
				GCC_WARN_UNUSED_VARIABLE = YES;
				IPHONEOS_DEPLOYMENT_TARGET = 16.2;
				MTL_ENABLE_DEBUG_INFO = NO;
				MTL_FAST_MATH = YES;
				SDKROOT = iphoneos;
				SWIFT_COMPILATION_MODE = wholemodule;
				SWIFT_OPTIMIZATION_LEVEL = "-O";
				VALIDATE_PRODUCT = YES;
			};
			name = Release;
		};
		9020822A29813F840011CC77 /* Debug */ = {
			isa = XCBuildConfiguration;
			buildSettings = {
				ASSETCATALOG_COMPILER_APPICON_NAME = AppIcon;
				ASSETCATALOG_COMPILER_GLOBAL_ACCENT_COLOR_NAME = AccentColor;
				CODE_SIGN_STYLE = Automatic;
				CURRENT_PROJECT_VERSION = 1;
				DEVELOPMENT_TEAM = SJXFV3TJUR;
				GENERATE_INFOPLIST_FILE = YES;
				INFOPLIST_FILE = DevelopersChat/Info.plist;
				INFOPLIST_KEY_UIApplicationSupportsIndirectInputEvents = YES;
				INFOPLIST_KEY_UILaunchStoryboardName = LaunchScreen;
				INFOPLIST_KEY_UIMainStoryboardFile = Main;
				INFOPLIST_KEY_UISupportedInterfaceOrientations_iPad = "UIInterfaceOrientationPortrait UIInterfaceOrientationPortraitUpsideDown UIInterfaceOrientationLandscapeLeft UIInterfaceOrientationLandscapeRight";
				INFOPLIST_KEY_UISupportedInterfaceOrientations_iPhone = "UIInterfaceOrientationPortrait UIInterfaceOrientationLandscapeLeft UIInterfaceOrientationLandscapeRight";
				LD_RUNPATH_SEARCH_PATHS = (
					"$(inherited)",
					"@executable_path/Frameworks",
				);
				MARKETING_VERSION = 1.0;
				PRODUCT_BUNDLE_IDENTIFIER = "Vyzion-Innovations.DevelopersChat";
				PRODUCT_NAME = "$(TARGET_NAME)";
				SWIFT_EMIT_LOC_STRINGS = YES;
				SWIFT_VERSION = 5.0;
				TARGETED_DEVICE_FAMILY = "1,2";
			};
			name = Debug;
		};
		9020822B29813F840011CC77 /* Release */ = {
			isa = XCBuildConfiguration;
			buildSettings = {
				ASSETCATALOG_COMPILER_APPICON_NAME = AppIcon;
				ASSETCATALOG_COMPILER_GLOBAL_ACCENT_COLOR_NAME = AccentColor;
				CODE_SIGN_STYLE = Automatic;
				CURRENT_PROJECT_VERSION = 1;
				DEVELOPMENT_TEAM = SJXFV3TJUR;
				GENERATE_INFOPLIST_FILE = YES;
				INFOPLIST_FILE = DevelopersChat/Info.plist;
				INFOPLIST_KEY_UIApplicationSupportsIndirectInputEvents = YES;
				INFOPLIST_KEY_UILaunchStoryboardName = LaunchScreen;
				INFOPLIST_KEY_UIMainStoryboardFile = Main;
				INFOPLIST_KEY_UISupportedInterfaceOrientations_iPad = "UIInterfaceOrientationPortrait UIInterfaceOrientationPortraitUpsideDown UIInterfaceOrientationLandscapeLeft UIInterfaceOrientationLandscapeRight";
				INFOPLIST_KEY_UISupportedInterfaceOrientations_iPhone = "UIInterfaceOrientationPortrait UIInterfaceOrientationLandscapeLeft UIInterfaceOrientationLandscapeRight";
				LD_RUNPATH_SEARCH_PATHS = (
					"$(inherited)",
					"@executable_path/Frameworks",
				);
				MARKETING_VERSION = 1.0;
				PRODUCT_BUNDLE_IDENTIFIER = "Vyzion-Innovations.DevelopersChat";
				PRODUCT_NAME = "$(TARGET_NAME)";
				SWIFT_EMIT_LOC_STRINGS = YES;
				SWIFT_VERSION = 5.0;
				TARGETED_DEVICE_FAMILY = "1,2";
			};
			name = Release;
		};
		9020822D29813F840011CC77 /* Debug */ = {
			isa = XCBuildConfiguration;
			buildSettings = {
				ALWAYS_EMBED_SWIFT_STANDARD_LIBRARIES = YES;
				BUNDLE_LOADER = "$(TEST_HOST)";
				CODE_SIGN_STYLE = Automatic;
				CURRENT_PROJECT_VERSION = 1;
				DEVELOPMENT_TEAM = SJXFV3TJUR;
				GENERATE_INFOPLIST_FILE = YES;
				IPHONEOS_DEPLOYMENT_TARGET = 16.2;
				MARKETING_VERSION = 1.0;
				PRODUCT_BUNDLE_IDENTIFIER = "Vyzion-Innovations.DevelopersChatTests";
				PRODUCT_NAME = "$(TARGET_NAME)";
				SWIFT_EMIT_LOC_STRINGS = NO;
				SWIFT_VERSION = 5.0;
				TARGETED_DEVICE_FAMILY = "1,2";
				TEST_HOST = "$(BUILT_PRODUCTS_DIR)/DevelopersChat.app/$(BUNDLE_EXECUTABLE_FOLDER_PATH)/DevelopersChat";
			};
			name = Debug;
		};
		9020822E29813F840011CC77 /* Release */ = {
			isa = XCBuildConfiguration;
			buildSettings = {
				ALWAYS_EMBED_SWIFT_STANDARD_LIBRARIES = YES;
				BUNDLE_LOADER = "$(TEST_HOST)";
				CODE_SIGN_STYLE = Automatic;
				CURRENT_PROJECT_VERSION = 1;
				DEVELOPMENT_TEAM = SJXFV3TJUR;
				GENERATE_INFOPLIST_FILE = YES;
				IPHONEOS_DEPLOYMENT_TARGET = 16.2;
				MARKETING_VERSION = 1.0;
				PRODUCT_BUNDLE_IDENTIFIER = "Vyzion-Innovations.DevelopersChatTests";
				PRODUCT_NAME = "$(TARGET_NAME)";
				SWIFT_EMIT_LOC_STRINGS = NO;
				SWIFT_VERSION = 5.0;
				TARGETED_DEVICE_FAMILY = "1,2";
				TEST_HOST = "$(BUILT_PRODUCTS_DIR)/DevelopersChat.app/$(BUNDLE_EXECUTABLE_FOLDER_PATH)/DevelopersChat";
			};
			name = Release;
		};
		9020823029813F840011CC77 /* Debug */ = {
			isa = XCBuildConfiguration;
			buildSettings = {
				ALWAYS_EMBED_SWIFT_STANDARD_LIBRARIES = YES;
				CODE_SIGN_STYLE = Automatic;
				CURRENT_PROJECT_VERSION = 1;
				DEVELOPMENT_TEAM = SJXFV3TJUR;
				GENERATE_INFOPLIST_FILE = YES;
				MARKETING_VERSION = 1.0;
				PRODUCT_BUNDLE_IDENTIFIER = "Vyzion-Innovations.DevelopersChatUITests";
				PRODUCT_NAME = "$(TARGET_NAME)";
				SWIFT_EMIT_LOC_STRINGS = NO;
				SWIFT_VERSION = 5.0;
				TARGETED_DEVICE_FAMILY = "1,2";
				TEST_TARGET_NAME = DevelopersChat;
			};
			name = Debug;
		};
		9020823129813F840011CC77 /* Release */ = {
			isa = XCBuildConfiguration;
			buildSettings = {
				ALWAYS_EMBED_SWIFT_STANDARD_LIBRARIES = YES;
				CODE_SIGN_STYLE = Automatic;
				CURRENT_PROJECT_VERSION = 1;
				DEVELOPMENT_TEAM = SJXFV3TJUR;
				GENERATE_INFOPLIST_FILE = YES;
				MARKETING_VERSION = 1.0;
				PRODUCT_BUNDLE_IDENTIFIER = "Vyzion-Innovations.DevelopersChatUITests";
				PRODUCT_NAME = "$(TARGET_NAME)";
				SWIFT_EMIT_LOC_STRINGS = NO;
				SWIFT_VERSION = 5.0;
				TARGETED_DEVICE_FAMILY = "1,2";
				TEST_TARGET_NAME = DevelopersChat;
			};
			name = Release;
		};
/* End XCBuildConfiguration section */

/* Begin XCConfigurationList section */
		902081FA29813F820011CC77 /* Build configuration list for PBXProject "DevelopersChat" */ = {
			isa = XCConfigurationList;
			buildConfigurations = (
				9020822729813F840011CC77 /* Debug */,
				9020822829813F840011CC77 /* Release */,
			);
			defaultConfigurationIsVisible = 0;
			defaultConfigurationName = Release;
		};
		9020822929813F840011CC77 /* Build configuration list for PBXNativeTarget "DevelopersChat" */ = {
			isa = XCConfigurationList;
			buildConfigurations = (
				9020822A29813F840011CC77 /* Debug */,
				9020822B29813F840011CC77 /* Release */,
			);
			defaultConfigurationIsVisible = 0;
			defaultConfigurationName = Release;
		};
		9020822C29813F840011CC77 /* Build configuration list for PBXNativeTarget "DevelopersChatTests" */ = {
			isa = XCConfigurationList;
			buildConfigurations = (
				9020822D29813F840011CC77 /* Debug */,
				9020822E29813F840011CC77 /* Release */,
			);
			defaultConfigurationIsVisible = 0;
			defaultConfigurationName = Release;
		};
		9020822F29813F840011CC77 /* Build configuration list for PBXNativeTarget "DevelopersChatUITests" */ = {
			isa = XCConfigurationList;
			buildConfigurations = (
				9020823029813F840011CC77 /* Debug */,
				9020823129813F840011CC77 /* Release */,
			);
			defaultConfigurationIsVisible = 0;
			defaultConfigurationName = Release;
		};
/* End XCConfigurationList section */
	};
	rootObject = 902081F729813F820011CC77 /* Project object */;
}
